# This file is automatically @generated by Cargo.
# It is not intended for manual editing.
version = 3

[[package]]
name = "client"
version = "0.1.0"
dependencies = [
 "sdl2_wrapper",
]

[[package]]
name = "examples_crate"
version = "0.1.0"
dependencies = [
 "sdl2_ffi",
 "sdl2_image_ffi",
 "sdl2_ttf_ffi",
 "sdl2_wrapper",
]

[[package]]
name = "sdl2_ffi"
version = "0.1.0"

[[package]]
name = "sdl2_image_ffi"
version = "0.1.0"

[[package]]
name = "sdl2_ttf_ffi"
version = "0.1.0"

[[package]]
name = "sdl2_wrapper"
version = "0.1.0"
dependencies = [
 "sdl2_ffi",
 "sdl2_ttf_ffi",
]

[[package]]
name = "server"
version = "0.1.0"

[[package]]
name = "shared"
version = "0.1.0"
